
Microsoft Visual Studio Solution File, Format Version 12.00
# Visual Studio Version 17
VisualStudioVersion = 17.10.35122.118
MinimumVisualStudioVersion = 10.0.40219.1
Project("{FAE04EC0-301F-11D3-BF4B-00C04F79EFBC}") = "InvestmentTracker.Server", "InvestmentTracker.Server\InvestmentTracker.Server.csproj", "{D1511FB3-8025-44A7-81FD-0549137CC752}"
EndProject
Project("{54A90642-561A-4BB1-A94E-469ADEE60C69}") = "investmenttracker.client", "investmenttracker.client\investmenttracker.client.esproj", "{4DE8C2FF-D3FF-4506-BC2A-B10069D7C4DF}"
EndProject
Global
	GlobalSection(SolutionConfigurationPlatforms) = preSolution
		Debug|Any CPU = Debug|Any CPU
		Release|Any CPU = Release|Any CPU
	EndGlobalSection
	GlobalSection(ProjectConfigurationPlatforms) = postSolution
		{D1511FB3-8025-44A7-81FD-0549137CC752}.Debug|Any CPU.ActiveCfg = Debug|Any CPU
		{D1511FB3-8025-44A7-81FD-0549137CC752}.Debug|Any CPU.Build.0 = Debug|Any CPU
		{D1511FB3-8025-44A7-81FD-0549137CC752}.Release|Any CPU.ActiveCfg = Release|Any CPU
		{D1511FB3-8025-44A7-81FD-0549137CC752}.Release|Any CPU.Build.0 = Release|Any CPU
		{4DE8C2FF-D3FF-4506-BC2A-B10069D7C4DF}.Debug|Any CPU.ActiveCfg = Debug|Any CPU
		{4DE8C2FF-D3FF-4506-BC2A-B10069D7C4DF}.Debug|Any CPU.Build.0 = Debug|Any CPU
		{4DE8C2FF-D3FF-4506-BC2A-B10069D7C4DF}.Debug|Any CPU.Deploy.0 = Debug|Any CPU
		{4DE8C2FF-D3FF-4506-BC2A-B10069D7C4DF}.Release|Any CPU.ActiveCfg = Release|Any CPU
		{4DE8C2FF-D3FF-4506-BC2A-B10069D7C4DF}.Release|Any CPU.Build.0 = Release|Any CPU
		{4DE8C2FF-D3FF-4506-BC2A-B10069D7C4DF}.Release|Any CPU.Deploy.0 = Release|Any CPU
	EndGlobalSection
	GlobalSection(SolutionProperties) = preSolution
		HideSolutionNode = FALSE
	EndGlobalSection
	GlobalSection(ExtensibilityGlobals) = postSolution
		SolutionGuid = {7AB18F23-155A-44EF-9144-AF103233FCB1}
	EndGlobalSection
EndGlobal
